PODS:
  - Fakery (4.1.1)
  - JTAppleCalendar (8.0.3)
  - R.swift (5.1.0):
    - R.swift.Library (~> 5.1.0)
  - R.swift.Library (5.1.0)
  - SwiftEssentialsKit (1.4.3):
    - SwiftEssentialsKit/Basic (= 1.4.3)
  - SwiftEssentialsKit/AlertControllerBuilder (1.4.3)
  - SwiftEssentialsKit/Basic (1.4.3):
    - SwiftEssentialsKit/AlertControllerBuilder
    - SwiftEssentialsKit/Convenient
    - SwiftEssentialsKit/PackageDTO
  - SwiftEssentialsKit/Convenient (1.4.3)
  - SwiftEssentialsKit/PackageDTO (1.4.3)
  - SwiftEssentialsKit/UI (1.4.3):
    - JTAppleCalendar (~> 8.0.0)
    - R.swift (~> 5.1.0)
    - SwiftEssentialsKit/Convenient
    - SwiftEssentialsKit/PackageDTO
  - SwiftEssentialsKit/UI-Dev (1.4.3):
    - SwiftEssentialsKit/UI
  - SwiftLint (0.39.1)

DEPENDENCIES:
  - Fakery (~> 4.1.1)
  - SwiftEssentialsKit (from `../`)
  - SwiftEssentialsKit/UI-Dev (from `../`)
  - SwiftLint

SPEC REPOS:
  trunk:
    - Fakery
    - JTAppleCalendar
    - R.swift
    - R.swift.Library
    - SwiftLint

EXTERNAL SOURCES:
  SwiftEssentialsKit:
    :path: "../"

SPEC CHECKSUMS:
  Fakery: d3380c4aa1efe7631c0831d7e26aa9db4491f014
  JTAppleCalendar: 932cadea40b1051beab10f67843451d48ba16c99
  R.swift: 8cbc4fc69b740305b6a17c8a8ed968eb788962d9
  R.swift.Library: fa85ce1e0d0b7e818cd9e080df910ba54d2776cc
  SwiftEssentialsKit: 8107f1e2b3566ca49393c49427a2668de0411231
  SwiftLint: 55e96a4a4d537d4a3156859fc1c54bd24851a046

PODFILE CHECKSUM: 190bc70b8e912d57ec9eade08d49e60daef81553

COCOAPODS: 1.9.1
